
Microsoft Visual Studio Solution File, Format Version 12.00
# Visual Studio Version 17
VisualStudioVersion = 17.13.35818.85 d17.13
MinimumVisualStudioVersion = 10.0.40219.1
Project("{FAE04EC0-301F-11D3-BF4B-00C04F79EFBC}") = "test1", "test1\test1.csproj", "{0BC3DD07-878F-4F7D-85F5-BBD9A108CFFE}"
EndProject
Global
	GlobalSection(SolutionConfigurationPlatforms) = preSolution
		Debug|Any CPU = Debug|Any CPU
		Release|Any CPU = Release|Any CPU
	EndGlobalSection
	GlobalSection(ProjectConfigurationPlatforms) = postSolution
		{0BC3DD07-878F-4F7D-85F5-BBD9A108CFFE}.Debug|Any CPU.ActiveCfg = Debug|Any CPU
		{0BC3DD07-878F-4F7D-85F5-BBD9A108CFFE}.Debug|Any CPU.Build.0 = Debug|Any CPU
		{0BC3DD07-878F-4F7D-85F5-BBD9A108CFFE}.Release|Any CPU.ActiveCfg = Release|Any CPU
		{0BC3DD07-878F-4F7D-85F5-BBD9A108CFFE}.Release|Any CPU.Build.0 = Release|Any CPU
	EndGlobalSection
	GlobalSection(SolutionProperties) = preSolution
		HideSolutionNode = FALSE
	EndGlobalSection
	GlobalSection(ExtensibilityGlobals) = postSolution
		SolutionGuid = {7D473BD2-6F73-4307-8AB8-983A4854A46B}
	EndGlobalSection
EndGlobal
